// !$*UTF8*$!
{
	archiveVersion = 1;
	classes = {
	};
	objectVersion = 46;
	objects = {

/* Begin PBXBuildFile section */
		732F72DF1ADE3EA100796DC2 /* defaultbp.jason in Resources */ = {isa = PBXBuildFile; fileRef = 732F72DE1ADE3EA100796DC2 /* defaultbp.jason */; };
		737C7F131ADC58550059048E /* main.m in Sources */ = {isa = PBXBuildFile; fileRef = 737C7F121ADC58550059048E /* main.m */; };
		737C7F161ADC58550059048E /* AppDelegate.m in Sources */ = {isa = PBXBuildFile; fileRef = 737C7F151ADC58550059048E /* AppDelegate.m */; };
		737C7F191ADC58550059048E /* ViewController.mm in Sources */ = {isa = PBXBuildFile; fileRef = 737C7F181ADC58550059048E /* ViewController.mm */; };
		737C7F1C1ADC58550059048E /* Main.storyboard in Resources */ = {isa = PBXBuildFile; fileRef = 737C7F1A1ADC58550059048E /* Main.storyboard */; };
		737C7F1E1ADC58550059048E /* Images.xcassets in Resources */ = {isa = PBXBuildFile; fileRef = 737C7F1D1ADC58550059048E /* Images.xcassets */; };
		737C7F211ADC58550059048E /* LaunchScreen.xib in Resources */ = {isa = PBXBuildFile; fileRef = 737C7F1F1ADC58550059048E /* LaunchScreen.xib */; };
		737C7F2D1ADC58560059048E /* magpocketTests.m in Sources */ = {isa = PBXBuildFile; fileRef = 737C7F2C1ADC58560059048E /* magpocketTests.m */; };
		737C7F461ADC5A530059048E /* CallNative.js in Resources */ = {isa = PBXBuildFile; fileRef = 737C7F3F1ADC5A530059048E /* CallNative.js */; };
		737C810E1ADDB1CA0059048E /* logicExecutor.cpp in Sources */ = {isa = PBXBuildFile; fileRef = 737C810D1ADDB1CA0059048E /* logicExecutor.cpp */; };
		73B7A6211AEC97AD00EC2E30 /* jsoncpp in Resources */ = {isa = PBXBuildFile; fileRef = 73B7A6201AEC97AD00EC2E30 /* jsoncpp */; };
		73B7A6291AEC9C9800EC2E30 /* json_reader.cpp in Sources */ = {isa = PBXBuildFile; fileRef = 73B7A6241AEC9C9800EC2E30 /* json_reader.cpp */; };
		73B7A62A1AEC9C9800EC2E30 /* json_value.cpp in Sources */ = {isa = PBXBuildFile; fileRef = 73B7A6261AEC9C9800EC2E30 /* json_value.cpp */; };
		73B7A62B1AEC9C9800EC2E30 /* json_valueiterator.inl in Resources */ = {isa = PBXBuildFile; fileRef = 73B7A6271AEC9C9800EC2E30 /* json_valueiterator.inl */; };
		73B7A62C1AEC9C9800EC2E30 /* json_writer.cpp in Sources */ = {isa = PBXBuildFile; fileRef = 73B7A6281AEC9C9800EC2E30 /* json_writer.cpp */; };
		73B7A9101AEF29FA00EC2E30 /* indexionic.html in Resources */ = {isa = PBXBuildFile; fileRef = 73B7A9091AEF29FA00EC2E30 /* indexionic.html */; };
		73B7A9111AEF29FA00EC2E30 /* templates in Resources */ = {isa = PBXBuildFile; fileRef = 73B7A90A1AEF29FA00EC2E30 /* templates */; };
		73B7A9121AEF29FA00EC2E30 /* lib in Resources */ = {isa = PBXBuildFile; fileRef = 73B7A90B1AEF29FA00EC2E30 /* lib */; };
		73B7A9131AEF29FA00EC2E30 /* js in Resources */ = {isa = PBXBuildFile; fileRef = 73B7A90C1AEF29FA00EC2E30 /* js */; };
		73B7A9141AEF29FA00EC2E30 /* css in Resources */ = {isa = PBXBuildFile; fileRef = 73B7A90D1AEF29FA00EC2E30 /* css */; };
		73B7A9151AEF29FA00EC2E30 /* img in Resources */ = {isa = PBXBuildFile; fileRef = 73B7A90E1AEF29FA00EC2E30 /* img */; };
		73B7A9161AEF29FA00EC2E30 /* test.html in Resources */ = {isa = PBXBuildFile; fileRef = 73B7A90F1AEF29FA00EC2E30 /* test.html */; };
		73B7A92A1AEF2C2500EC2E30 /* ajax.html in Resources */ = {isa = PBXBuildFile; fileRef = 73B7A9191AEF2C2500EC2E30 /* ajax.html */; };
		73B7A92B1AEF2C2500EC2E30 /* animgenerator in Resources */ = {isa = PBXBuildFile; fileRef = 73B7A91A1AEF2C2500EC2E30 /* animgenerator */; };
		73B7A92C1AEF2C2500EC2E30 /* build in Resources */ = {isa = PBXBuildFile; fileRef = 73B7A91B1AEF2C2500EC2E30 /* build */; };
		73B7A92D1AEF2C2500EC2E30 /* docs in Resources */ = {isa = PBXBuildFile; fileRef = 73B7A91C1AEF2C2500EC2E30 /* docs */; };
		73B7A92E1AEF2C2500EC2E30 /* Gruntfile.js in Resources */ = {isa = PBXBuildFile; fileRef = 73B7A91D1AEF2C2500EC2E30 /* Gruntfile.js */; };
		73B7A92F1AEF2C2500EC2E30 /* indexaf.html in Resources */ = {isa = PBXBuildFile; fileRef = 73B7A91E1AEF2C2500EC2E30 /* indexaf.html */; };
		73B7A9301AEF2C2500EC2E30 /* jquery-widgets in Resources */ = {isa = PBXBuildFile; fileRef = 73B7A91F1AEF2C2500EC2E30 /* jquery-widgets */; };
		73B7A9311AEF2C2500EC2E30 /* karma.conf.js in Resources */ = {isa = PBXBuildFile; fileRef = 73B7A9201AEF2C2500EC2E30 /* karma.conf.js */; };
		73B7A9321AEF2C2500EC2E30 /* lancaster in Resources */ = {isa = PBXBuildFile; fileRef = 73B7A9211AEF2C2500EC2E30 /* lancaster */; };
		73B7A9331AEF2C2500EC2E30 /* license.txt in Resources */ = {isa = PBXBuildFile; fileRef = 73B7A9221AEF2C2500EC2E30 /* license.txt */; };
		73B7A9341AEF2C2500EC2E30 /* package.json in Resources */ = {isa = PBXBuildFile; fileRef = 73B7A9231AEF2C2500EC2E30 /* package.json */; };
		73B7A9351AEF2C2500EC2E30 /* partials in Resources */ = {isa = PBXBuildFile; fileRef = 73B7A9241AEF2C2500EC2E30 /* partials */; };
		73B7A9361AEF2C2500EC2E30 /* README.md in Sources */ = {isa = PBXBuildFile; fileRef = 73B7A9251AEF2C2500EC2E30 /* README.md */; };
		73B7A9371AEF2C2500EC2E30 /* samples in Resources */ = {isa = PBXBuildFile; fileRef = 73B7A9261AEF2C2500EC2E30 /* samples */; };
		73B7A9381AEF2C2500EC2E30 /* src in Resources */ = {isa = PBXBuildFile; fileRef = 73B7A9271AEF2C2500EC2E30 /* src */; };
		73B7A9391AEF2C2500EC2E30 /* templates in Resources */ = {isa = PBXBuildFile; fileRef = 73B7A9281AEF2C2500EC2E30 /* templates */; };
		73B7A93A1AEF2C2500EC2E30 /* test in Resources */ = {isa = PBXBuildFile; fileRef = 73B7A9291AEF2C2500EC2E30 /* test */; };
/* End PBXBuildFile section */

/* Begin PBXContainerItemProxy section */
		737C7F271ADC58560059048E /* PBXContainerItemProxy */ = {
			isa = PBXContainerItemProxy;
			containerPortal = 737C7F051ADC58550059048E /* Project object */;
			proxyType = 1;
			remoteGlobalIDString = 737C7F0C1ADC58550059048E;
			remoteInfo = magpocket;
		};
/* End PBXContainerItemProxy section */

/* Begin PBXFileReference section */
		732F72DE1ADE3EA100796DC2 /* defaultbp.jason */ = {isa = PBXFileReference; fileEncoding = 4; lastKnownFileType = text; name = defaultbp.jason; path = www/defaultbp.jason; sourceTree = "<group>"; };
		737C7F0D1ADC58550059048E /* magpocket.app */ = {isa = PBXFileReference; explicitFileType = wrapper.application; includeInIndex = 0; path = magpocket.app; sourceTree = BUILT_PRODUCTS_DIR; };
		737C7F111ADC58550059048E /* Info.plist */ = {isa = PBXFileReference; lastKnownFileType = text.plist.xml; path = Info.plist; sourceTree = "<group>"; };
		737C7F121ADC58550059048E /* main.m */ = {isa = PBXFileReference; lastKnownFileType = sourcecode.c.objc; path = main.m; sourceTree = "<group>"; };
		737C7F141ADC58550059048E /* AppDelegate.h */ = {isa = PBXFileReference; lastKnownFileType = sourcecode.c.h; path = AppDelegate.h; sourceTree = "<group>"; };
		737C7F151ADC58550059048E /* AppDelegate.m */ = {isa = PBXFileReference; lastKnownFileType = sourcecode.c.objc; path = AppDelegate.m; sourceTree = "<group>"; };
		737C7F171ADC58550059048E /* ViewController.h */ = {isa = PBXFileReference; lastKnownFileType = sourcecode.c.h; path = ViewController.h; sourceTree = "<group>"; };
		737C7F181ADC58550059048E /* ViewController.mm */ = {isa = PBXFileReference; lastKnownFileType = sourcecode.cpp.objcpp; path = ViewController.mm; sourceTree = "<group>"; };
		737C7F1B1ADC58550059048E /* Base */ = {isa = PBXFileReference; lastKnownFileType = file.storyboard; name = Base; path = Base.lproj/Main.storyboard; sourceTree = "<group>"; };
		737C7F1D1ADC58550059048E /* Images.xcassets */ = {isa = PBXFileReference; lastKnownFileType = folder.assetcatalog; path = Images.xcassets; sourceTree = "<group>"; };
		737C7F201ADC58550059048E /* Base */ = {isa = PBXFileReference; lastKnownFileType = file.xib; name = Base; path = Base.lproj/LaunchScreen.xib; sourceTree = "<group>"; };
		737C7F261ADC58560059048E /* magpocketTests.xctest */ = {isa = PBXFileReference; explicitFileType = wrapper.cfbundle; includeInIndex = 0; path = magpocketTests.xctest; sourceTree = BUILT_PRODUCTS_DIR; };
		737C7F2B1ADC58560059048E /* Info.plist */ = {isa = PBXFileReference; lastKnownFileType = text.plist.xml; path = Info.plist; sourceTree = "<group>"; };
		737C7F2C1ADC58560059048E /* magpocketTests.m */ = {isa = PBXFileReference; lastKnownFileType = sourcecode.c.objc; path = magpocketTests.m; sourceTree = "<group>"; };
		737C7F3F1ADC5A530059048E /* CallNative.js */ = {isa = PBXFileReference; fileEncoding = 4; lastKnownFileType = sourcecode.javascript; name = CallNative.js; path = www/CallNative.js; sourceTree = "<group>"; };
		737C810D1ADDB1CA0059048E /* logicExecutor.cpp */ = {isa = PBXFileReference; fileEncoding = 4; lastKnownFileType = sourcecode.cpp.cpp; name = logicExecutor.cpp; path = logicexecutor/logicExecutor/logicExecutor.cpp; sourceTree = "<group>"; };
		737C81831ADDB7260059048E /* logicExecutor.h */ = {isa = PBXFileReference; lastKnownFileType = sourcecode.c.h; name = logicExecutor.h; path = logicexecutor/logicExecutor.h; sourceTree = "<group>"; };
		73B7A5AB1AEC058F00EC2E30 /* commonheader.h */ = {isa = PBXFileReference; lastKnownFileType = sourcecode.c.h; name = commonheader.h; path = logicexecutor/commonheader.h; sourceTree = "<group>"; };
		73B7A6201AEC97AD00EC2E30 /* jsoncpp */ = {isa = PBXFileReference; lastKnownFileType = folder; path = jsoncpp; sourceTree = "<group>"; };
		73B7A6241AEC9C9800EC2E30 /* json_reader.cpp */ = {isa = PBXFileReference; fileEncoding = 4; lastKnownFileType = sourcecode.cpp.cpp; name = json_reader.cpp; path = jsoncpp/src/lib_json/json_reader.cpp; sourceTree = "<group>"; };
		73B7A6251AEC9C9800EC2E30 /* json_tool.h */ = {isa = PBXFileReference; fileEncoding = 4; lastKnownFileType = sourcecode.c.h; name = json_tool.h; path = jsoncpp/src/lib_json/json_tool.h; sourceTree = "<group>"; };
		73B7A6261AEC9C9800EC2E30 /* json_value.cpp */ = {isa = PBXFileReference; fileEncoding = 4; lastKnownFileType = sourcecode.cpp.cpp; name = json_value.cpp; path = jsoncpp/src/lib_json/json_value.cpp; sourceTree = "<group>"; };
		73B7A6271AEC9C9800EC2E30 /* json_valueiterator.inl */ = {isa = PBXFileReference; fileEncoding = 4; lastKnownFileType = text; name = json_valueiterator.inl; path = jsoncpp/src/lib_json/json_valueiterator.inl; sourceTree = "<group>"; };
		73B7A6281AEC9C9800EC2E30 /* json_writer.cpp */ = {isa = PBXFileReference; fileEncoding = 4; lastKnownFileType = sourcecode.cpp.cpp; name = json_writer.cpp; path = jsoncpp/src/lib_json/json_writer.cpp; sourceTree = "<group>"; };
		73B7A62D1AEC9CA800EC2E30 /* assertions.h */ = {isa = PBXFileReference; lastKnownFileType = sourcecode.c.h; name = assertions.h; path = jsoncpp/include/json/assertions.h; sourceTree = "<group>"; };
		73B7A62E1AEC9CA800EC2E30 /* autolink.h */ = {isa = PBXFileReference; lastKnownFileType = sourcecode.c.h; name = autolink.h; path = jsoncpp/include/json/autolink.h; sourceTree = "<group>"; };
		73B7A62F1AEC9CA800EC2E30 /* config.h */ = {isa = PBXFileReference; lastKnownFileType = sourcecode.c.h; name = config.h; path = jsoncpp/include/json/config.h; sourceTree = "<group>"; };
		73B7A6301AEC9CA800EC2E30 /* features.h */ = {isa = PBXFileReference; lastKnownFileType = sourcecode.c.h; name = features.h; path = jsoncpp/include/json/features.h; sourceTree = "<group>"; };
		73B7A6311AEC9CA800EC2E30 /* forwards.h */ = {isa = PBXFileReference; lastKnownFileType = sourcecode.c.h; name = forwards.h; path = jsoncpp/include/json/forwards.h; sourceTree = "<group>"; };
		73B7A6321AEC9CA800EC2E30 /* json.h */ = {isa = PBXFileReference; lastKnownFileType = sourcecode.c.h; name = json.h; path = jsoncpp/include/json/json.h; sourceTree = "<group>"; };
		73B7A6331AEC9CA800EC2E30 /* reader.h */ = {isa = PBXFileReference; lastKnownFileType = sourcecode.c.h; name = reader.h; path = jsoncpp/include/json/reader.h; sourceTree = "<group>"; };
		73B7A6341AEC9CA800EC2E30 /* value.h */ = {isa = PBXFileReference; lastKnownFileType = sourcecode.c.h; name = value.h; path = jsoncpp/include/json/value.h; sourceTree = "<group>"; };
		73B7A6351AEC9CA800EC2E30 /* version.h */ = {isa = PBXFileReference; lastKnownFileType = sourcecode.c.h; name = version.h; path = jsoncpp/include/json/version.h; sourceTree = "<group>"; };
		73B7A6361AEC9CA800EC2E30 /* writer.h */ = {isa = PBXFileReference; lastKnownFileType = sourcecode.c.h; name = writer.h; path = jsoncpp/include/json/writer.h; sourceTree = "<group>"; };
		73B7A9091AEF29FA00EC2E30 /* indexionic.html */ = {isa = PBXFileReference; fileEncoding = 4; lastKnownFileType = text.html; name = indexionic.html; path = www/ionic/indexionic.html; sourceTree = "<group>"; };
		73B7A90A1AEF29FA00EC2E30 /* templates */ = {isa = PBXFileReference; lastKnownFileType = folder; name = templates; path = www/ionic/templates; sourceTree = "<group>"; };
		73B7A90B1AEF29FA00EC2E30 /* lib */ = {isa = PBXFileReference; lastKnownFileType = folder; name = lib; path = www/ionic/lib; sourceTree = "<group>"; };
		73B7A90C1AEF29FA00EC2E30 /* js */ = {isa = PBXFileReference; lastKnownFileType = folder; name = js; path = www/ionic/js; sourceTree = "<group>"; };
		73B7A90D1AEF29FA00EC2E30 /* css */ = {isa = PBXFileReference; lastKnownFileType = folder; name = css; path = www/ionic/css; sourceTree = "<group>"; };
		73B7A90E1AEF29FA00EC2E30 /* img */ = {isa = PBXFileReference; lastKnownFileType = folder; name = img; path = www/ionic/img; sourceTree = "<group>"; };
		73B7A90F1AEF29FA00EC2E30 /* test.html */ = {isa = PBXFileReference; fileEncoding = 4; lastKnownFileType = text.html; name = test.html; path = www/ionic/test.html; sourceTree = "<group>"; };
		73B7A9191AEF2C2500EC2E30 /* ajax.html */ = {isa = PBXFileReference; fileEncoding = 4; lastKnownFileType = text.html; name = ajax.html; path = www/intelAF/ajax.html; sourceTree = "<group>"; };
		73B7A91A1AEF2C2500EC2E30 /* animgenerator */ = {isa = PBXFileReference; lastKnownFileType = folder; name = animgenerator; path = www/intelAF/animgenerator; sourceTree = "<group>"; };
		73B7A91B1AEF2C2500EC2E30 /* build */ = {isa = PBXFileReference; lastKnownFileType = folder; name = build; path = www/intelAF/build; sourceTree = "<group>"; };
		73B7A91C1AEF2C2500EC2E30 /* docs */ = {isa = PBXFileReference; lastKnownFileType = folder; name = docs; path = www/intelAF/docs; sourceTree = "<group>"; };
		73B7A91D1AEF2C2500EC2E30 /* Gruntfile.js */ = {isa = PBXFileReference; fileEncoding = 4; lastKnownFileType = sourcecode.javascript; name = Gruntfile.js; path = www/intelAF/Gruntfile.js; sourceTree = "<group>"; };
		73B7A91E1AEF2C2500EC2E30 /* indexaf.html */ = {isa = PBXFileReference; fileEncoding = 4; lastKnownFileType = text.html; name = indexaf.html; path = www/intelAF/indexaf.html; sourceTree = "<group>"; };
		73B7A91F1AEF2C2500EC2E30 /* jquery-widgets */ = {isa = PBXFileReference; lastKnownFileType = folder; name = "jquery-widgets"; path = "www/intelAF/jquery-widgets"; sourceTree = "<group>"; };
		73B7A9201AEF2C2500EC2E30 /* karma.conf.js */ = {isa = PBXFileReference; fileEncoding = 4; lastKnownFileType = sourcecode.javascript; name = karma.conf.js; path = www/intelAF/karma.conf.js; sourceTree = "<group>"; };
		73B7A9211AEF2C2500EC2E30 /* lancaster */ = {isa = PBXFileReference; lastKnownFileType = folder; name = lancaster; path = www/intelAF/lancaster; sourceTree = "<group>"; };
		73B7A9221AEF2C2500EC2E30 /* license.txt */ = {isa = PBXFileReference; fileEncoding = 4; lastKnownFileType = text; name = license.txt; path = www/intelAF/license.txt; sourceTree = "<group>"; };
		73B7A9231AEF2C2500EC2E30 /* package.json */ = {isa = PBXFileReference; fileEncoding = 4; lastKnownFileType = text.json; name = package.json; path = www/intelAF/package.json; sourceTree = "<group>"; };
		73B7A9241AEF2C2500EC2E30 /* partials */ = {isa = PBXFileReference; lastKnownFileType = folder; name = partials; path = www/intelAF/partials; sourceTree = "<group>"; };
		73B7A9251AEF2C2500EC2E30 /* README.md */ = {isa = PBXFileReference; fileEncoding = 4; lastKnownFileType = net.daringfireball.markdown; name = README.md; path = www/intelAF/README.md; sourceTree = "<group>"; };
		73B7A9261AEF2C2500EC2E30 /* samples */ = {isa = PBXFileReference; lastKnownFileType = folder; name = samples; path = www/intelAF/samples; sourceTree = "<group>"; };
		73B7A9271AEF2C2500EC2E30 /* src */ = {isa = PBXFileReference; lastKnownFileType = folder; name = src; path = www/intelAF/src; sourceTree = "<group>"; };
		73B7A9281AEF2C2500EC2E30 /* templates */ = {isa = PBXFileReference; lastKnownFileType = folder; name = templates; path = www/intelAF/templates; sourceTree = "<group>"; };
		73B7A9291AEF2C2500EC2E30 /* test */ = {isa = PBXFileReference; lastKnownFileType = folder; name = test; path = www/intelAF/test; sourceTree = "<group>"; };
/* End PBXFileReference section */

/* Begin PBXFrameworksBuildPhase section */
		737C7F0A1ADC58550059048E /* Frameworks */ = {
			isa = PBXFrameworksBuildPhase;
			buildActionMask = 2147483647;
			files = (
			);
			runOnlyForDeploymentPostprocessing = 0;
		};
		737C7F231ADC58560059048E /* Frameworks */ = {
			isa = PBXFrameworksBuildPhase;
			buildActionMask = 2147483647;
			files = (
			);
			runOnlyForDeploymentPostprocessing = 0;
		};
/* End PBXFrameworksBuildPhase section */

/* Begin PBXGroup section */
		737C7F041ADC58550059048E = {
			isa = PBXGroup;
			children = (
				73B7A6231AEC9C6700EC2E30 /* jsoncpp */,
				737C810C1ADDB1550059048E /* SoftCPU */,
				737C7F381ADC5A180059048E /* WWW */,
				737C7F0F1ADC58550059048E /* magpocket */,
				737C7F291ADC58560059048E /* magpocketTests */,
				737C7F0E1ADC58550059048E /* Products */,
			);
			sourceTree = "<group>";
		};
		737C7F0E1ADC58550059048E /* Products */ = {
			isa = PBXGroup;
			children = (
				737C7F0D1ADC58550059048E /* magpocket.app */,
				737C7F261ADC58560059048E /* magpocketTests.xctest */,
			);
			name = Products;
			sourceTree = "<group>";
		};
		737C7F0F1ADC58550059048E /* magpocket */ = {
			isa = PBXGroup;
			children = (
				737C7F141ADC58550059048E /* AppDelegate.h */,
				737C7F151ADC58550059048E /* AppDelegate.m */,
				737C7F171ADC58550059048E /* ViewController.h */,
				737C7F181ADC58550059048E /* ViewController.mm */,
				737C7F1A1ADC58550059048E /* Main.storyboard */,
				737C7F1D1ADC58550059048E /* Images.xcassets */,
				737C7F1F1ADC58550059048E /* LaunchScreen.xib */,
				737C7F101ADC58550059048E /* Supporting Files */,
			);
			path = magpocket;
			sourceTree = "<group>";
		};
		737C7F101ADC58550059048E /* Supporting Files */ = {
			isa = PBXGroup;
			children = (
				737C7F111ADC58550059048E /* Info.plist */,
				737C7F121ADC58550059048E /* main.m */,
			);
			name = "Supporting Files";
			sourceTree = "<group>";
		};
		737C7F291ADC58560059048E /* magpocketTests */ = {
			isa = PBXGroup;
			children = (
				737C7F2C1ADC58560059048E /* magpocketTests.m */,
				737C7F2A1ADC58560059048E /* Supporting Files */,
			);
			path = magpocketTests;
			sourceTree = "<group>";
		};
		737C7F2A1ADC58560059048E /* Supporting Files */ = {
			isa = PBXGroup;
			children = (
				737C7F2B1ADC58560059048E /* Info.plist */,
			);
			name = "Supporting Files";
			sourceTree = "<group>";
		};
		737C7F381ADC5A180059048E /* WWW */ = {
			isa = PBXGroup;
			children = (
				73B7A9181AEF2ABE00EC2E30 /* IntelAF */,
				73B7A9171AEF2A1900EC2E30 /* ionic */,
				737C7F3F1ADC5A530059048E /* CallNative.js */,
				732F72DE1ADE3EA100796DC2 /* defaultbp.jason */,
			);
			name = WWW;
			sourceTree = "<group>";
		};
		737C810C1ADDB1550059048E /* SoftCPU */ = {
			isa = PBXGroup;
			children = (
				737C810D1ADDB1CA0059048E /* logicExecutor.cpp */,
				737C81831ADDB7260059048E /* logicExecutor.h */,
				73B7A5AB1AEC058F00EC2E30 /* commonheader.h */,
			);
			name = SoftCPU;
			sourceTree = "<group>";
		};
		73B7A6231AEC9C6700EC2E30 /* jsoncpp */ = {
			isa = PBXGroup;
			children = (
				73B7A62D1AEC9CA800EC2E30 /* assertions.h */,
				73B7A62E1AEC9CA800EC2E30 /* autolink.h */,
				73B7A62F1AEC9CA800EC2E30 /* config.h */,
				73B7A6301AEC9CA800EC2E30 /* features.h */,
				73B7A6311AEC9CA800EC2E30 /* forwards.h */,
				73B7A6321AEC9CA800EC2E30 /* json.h */,
				73B7A6331AEC9CA800EC2E30 /* reader.h */,
				73B7A6341AEC9CA800EC2E30 /* value.h */,
				73B7A6351AEC9CA800EC2E30 /* version.h */,
				73B7A6361AEC9CA800EC2E30 /* writer.h */,
				73B7A6241AEC9C9800EC2E30 /* json_reader.cpp */,
				73B7A6251AEC9C9800EC2E30 /* json_tool.h */,
				73B7A6261AEC9C9800EC2E30 /* json_value.cpp */,
				73B7A6271AEC9C9800EC2E30 /* json_valueiterator.inl */,
				73B7A6281AEC9C9800EC2E30 /* json_writer.cpp */,
				73B7A6201AEC97AD00EC2E30 /* jsoncpp */,
			);
			name = jsoncpp;
			sourceTree = "<group>";
		};
		73B7A9171AEF2A1900EC2E30 /* ionic */ = {
			isa = PBXGroup;
			children = (
				73B7A9091AEF29FA00EC2E30 /* indexionic.html */,
				73B7A90A1AEF29FA00EC2E30 /* templates */,
				73B7A90B1AEF29FA00EC2E30 /* lib */,
				73B7A90C1AEF29FA00EC2E30 /* js */,
				73B7A90D1AEF29FA00EC2E30 /* css */,
				73B7A90E1AEF29FA00EC2E30 /* img */,
				73B7A90F1AEF29FA00EC2E30 /* test.html */,
			);
			name = ionic;
			sourceTree = "<group>";
		};
		73B7A9181AEF2ABE00EC2E30 /* IntelAF */ = {
			isa = PBXGroup;
			children = (
				73B7A9191AEF2C2500EC2E30 /* ajax.html */,
				73B7A91A1AEF2C2500EC2E30 /* animgenerator */,
				73B7A91B1AEF2C2500EC2E30 /* build */,
				73B7A91C1AEF2C2500EC2E30 /* docs */,
				73B7A91D1AEF2C2500EC2E30 /* Gruntfile.js */,
				73B7A91E1AEF2C2500EC2E30 /* indexaf.html */,
				73B7A91F1AEF2C2500EC2E30 /* jquery-widgets */,
				73B7A9201AEF2C2500EC2E30 /* karma.conf.js */,
				73B7A9211AEF2C2500EC2E30 /* lancaster */,
				73B7A9221AEF2C2500EC2E30 /* license.txt */,
				73B7A9231AEF2C2500EC2E30 /* package.json */,
				73B7A9241AEF2C2500EC2E30 /* partials */,
				73B7A9251AEF2C2500EC2E30 /* README.md */,
				73B7A9261AEF2C2500EC2E30 /* samples */,
				73B7A9271AEF2C2500EC2E30 /* src */,
				73B7A9281AEF2C2500EC2E30 /* templates */,
				73B7A9291AEF2C2500EC2E30 /* test */,
			);
			name = IntelAF;
			sourceTree = "<group>";
		};
/* End PBXGroup section */

/* Begin PBXNativeTarget section */
		737C7F0C1ADC58550059048E /* magpocket */ = {
			isa = PBXNativeTarget;
			buildConfigurationList = 737C7F301ADC58560059048E /* Build configuration list for PBXNativeTarget "magpocket" */;
			buildPhases = (
				737C7F091ADC58550059048E /* Sources */,
				737C7F0A1ADC58550059048E /* Frameworks */,
				737C7F0B1ADC58550059048E /* Resources */,
			);
			buildRules = (
			);
			dependencies = (
			);
			name = magpocket;
			productName = magpocket;
			productReference = 737C7F0D1ADC58550059048E /* magpocket.app */;
			productType = "com.apple.product-type.application";
		};
		737C7F251ADC58560059048E /* magpocketTests */ = {
			isa = PBXNativeTarget;
			buildConfigurationList = 737C7F331ADC58560059048E /* Build configuration list for PBXNativeTarget "magpocketTests" */;
			buildPhases = (
				737C7F221ADC58560059048E /* Sources */,
				737C7F231ADC58560059048E /* Frameworks */,
				737C7F241ADC58560059048E /* Resources */,
			);
			buildRules = (
			);
			dependencies = (
				737C7F281ADC58560059048E /* PBXTargetDependency */,
			);
			name = magpocketTests;
			productName = magpocketTests;
			productReference = 737C7F261ADC58560059048E /* magpocketTests.xctest */;
			productType = "com.apple.product-type.bundle.unit-test";
		};
/* End PBXNativeTarget section */

/* Begin PBXProject section */
		737C7F051ADC58550059048E /* Project object */ = {
			isa = PBXProject;
			attributes = {
				LastUpgradeCheck = 0620;
				ORGANIZATIONNAME = ishare;
				TargetAttributes = {
					737C7F0C1ADC58550059048E = {
						CreatedOnToolsVersion = 6.2;
						DevelopmentTeam = M932RC5J66;
					};
					737C7F251ADC58560059048E = {
						CreatedOnToolsVersion = 6.2;
						TestTargetID = 737C7F0C1ADC58550059048E;
					};
				};
			};
			buildConfigurationList = 737C7F081ADC58550059048E /* Build configuration list for PBXProject "magpocket" */;
			compatibilityVersion = "Xcode 3.2";
			developmentRegion = English;
			hasScannedForEncodings = 0;
			knownRegions = (
				en,
				Base,
			);
			mainGroup = 737C7F041ADC58550059048E;
			productRefGroup = 737C7F0E1ADC58550059048E /* Products */;
			projectDirPath = "";
			projectRoot = "";
			targets = (
				737C7F0C1ADC58550059048E /* magpocket */,
				737C7F251ADC58560059048E /* magpocketTests */,
			);
		};
/* End PBXProject section */

/* Begin PBXResourcesBuildPhase section */
		737C7F0B1ADC58550059048E /* Resources */ = {
			isa = PBXResourcesBuildPhase;
			buildActionMask = 2147483647;
			files = (
				73B7A9141AEF29FA00EC2E30 /* css in Resources */,
				73B7A9121AEF29FA00EC2E30 /* lib in Resources */,
				73B7A9161AEF29FA00EC2E30 /* test.html in Resources */,
				73B7A92E1AEF2C2500EC2E30 /* Gruntfile.js in Resources */,
				73B7A9321AEF2C2500EC2E30 /* lancaster in Resources */,
				73B7A62B1AEC9C9800EC2E30 /* json_valueiterator.inl in Resources */,
				73B7A92F1AEF2C2500EC2E30 /* indexaf.html in Resources */,
				732F72DF1ADE3EA100796DC2 /* defaultbp.jason in Resources */,
				737C7F1C1ADC58550059048E /* Main.storyboard in Resources */,
				73B7A9311AEF2C2500EC2E30 /* karma.conf.js in Resources */,
				73B7A9151AEF29FA00EC2E30 /* img in Resources */,
				73B7A9101AEF29FA00EC2E30 /* indexionic.html in Resources */,
				73B7A9331AEF2C2500EC2E30 /* license.txt in Resources */,
				737C7F211ADC58550059048E /* LaunchScreen.xib in Resources */,
				73B7A9341AEF2C2500EC2E30 /* package.json in Resources */,
				73B7A9371AEF2C2500EC2E30 /* samples in Resources */,
				73B7A9301AEF2C2500EC2E30 /* jquery-widgets in Resources */,
				73B7A92D1AEF2C2500EC2E30 /* docs in Resources */,
				73B7A92B1AEF2C2500EC2E30 /* animgenerator in Resources */,
				73B7A9391AEF2C2500EC2E30 /* templates in Resources */,
				73B7A9381AEF2C2500EC2E30 /* src in Resources */,
				73B7A92C1AEF2C2500EC2E30 /* build in Resources */,
				737C7F461ADC5A530059048E /* CallNative.js in Resources */,
				73B7A6211AEC97AD00EC2E30 /* jsoncpp in Resources */,
				737C7F1E1ADC58550059048E /* Images.xcassets in Resources */,
				73B7A9131AEF29FA00EC2E30 /* js in Resources */,
				73B7A93A1AEF2C2500EC2E30 /* test in Resources */,
				73B7A9111AEF29FA00EC2E30 /* templates in Resources */,
				73B7A9351AEF2C2500EC2E30 /* partials in Resources */,
				73B7A92A1AEF2C2500EC2E30 /* ajax.html in Resources */,
			);
			runOnlyForDeploymentPostprocessing = 0;
		};
		737C7F241ADC58560059048E /* Resources */ = {
			isa = PBXResourcesBuildPhase;
			buildActionMask = 2147483647;
			files = (
			);
			runOnlyForDeploymentPostprocessing = 0;
		};
/* End PBXResourcesBuildPhase section */

/* Begin PBXSourcesBuildPhase section */
		737C7F091ADC58550059048E /* Sources */ = {
			isa = PBXSourcesBuildPhase;
			buildActionMask = 2147483647;
			files = (
				73B7A6291AEC9C9800EC2E30 /* json_reader.cpp in Sources */,
				73B7A62A1AEC9C9800EC2E30 /* json_value.cpp in Sources */,
				737C7F191ADC58550059048E /* ViewController.mm in Sources */,
				737C7F161ADC58550059048E /* AppDelegate.m in Sources */,
				737C7F131ADC58550059048E /* main.m in Sources */,
				737C810E1ADDB1CA0059048E /* logicExecutor.cpp in Sources */,
				73B7A9361AEF2C2500EC2E30 /* README.md in Sources */,
				73B7A62C1AEC9C9800EC2E30 /* json_writer.cpp in Sources */,
			);
			runOnlyForDeploymentPostprocessing = 0;
		};
		737C7F221ADC58560059048E /* Sources */ = {
			isa = PBXSourcesBuildPhase;
			buildActionMask = 2147483647;
			files = (
				737C7F2D1ADC58560059048E /* magpocketTests.m in Sources */,
			);
			runOnlyForDeploymentPostprocessing = 0;
		};
/* End PBXSourcesBuildPhase section */

/* Begin PBXTargetDependency section */
		737C7F281ADC58560059048E /* PBXTargetDependency */ = {
			isa = PBXTargetDependency;
			target = 737C7F0C1ADC58550059048E /* magpocket */;
			targetProxy = 737C7F271ADC58560059048E /* PBXContainerItemProxy */;
		};
/* End PBXTargetDependency section */

/* Begin PBXVariantGroup section */
		737C7F1A1ADC58550059048E /* Main.storyboard */ = {
			isa = PBXVariantGroup;
			children = (
				737C7F1B1ADC58550059048E /* Base */,
			);
			name = Main.storyboard;
			sourceTree = "<group>";
		};
		737C7F1F1ADC58550059048E /* LaunchScreen.xib */ = {
			isa = PBXVariantGroup;
			children = (
				737C7F201ADC58550059048E /* Base */,
			);
			name = LaunchScreen.xib;
			sourceTree = "<group>";
		};
/* End PBXVariantGroup section */

/* Begin XCBuildConfiguration section */
		737C7F2E1ADC58560059048E /* Debug */ = {
			isa = XCBuildConfiguration;
			buildSettings = {
				ALWAYS_SEARCH_USER_PATHS = NO;
				CLANG_CXX_LANGUAGE_STANDARD = "gnu++0x";
				CLANG_CXX_LIBRARY = "libc++";
				CLANG_ENABLE_MODULES = YES;
				CLANG_ENABLE_OBJC_ARC = YES;
				CLANG_WARN_BOOL_CONVERSION = YES;
				CLANG_WARN_CONSTANT_CONVERSION = YES;
				CLANG_WARN_DIRECT_OBJC_ISA_USAGE = YES_ERROR;
				CLANG_WARN_EMPTY_BODY = YES;
				CLANG_WARN_ENUM_CONVERSION = YES;
				CLANG_WARN_INT_CONVERSION = YES;
				CLANG_WARN_OBJC_ROOT_CLASS = YES_ERROR;
				CLANG_WARN_UNREACHABLE_CODE = YES;
				CLANG_WARN__DUPLICATE_METHOD_MATCH = YES;
				"CODE_SIGN_IDENTITY[sdk=iphoneos*]" = "iPhone Developer";
				COPY_PHASE_STRIP = NO;
				ENABLE_STRICT_OBJC_MSGSEND = YES;
				GCC_C_LANGUAGE_STANDARD = gnu99;
				GCC_DYNAMIC_NO_PIC = NO;
				GCC_OPTIMIZATION_LEVEL = 0;
				GCC_PREPROCESSOR_DEFINITIONS = (
					"DEBUG=1",
					"$(inherited)",
				);
				GCC_SYMBOLS_PRIVATE_EXTERN = NO;
				GCC_WARN_64_TO_32_BIT_CONVERSION = YES;
				GCC_WARN_ABOUT_RETURN_TYPE = YES_ERROR;
				GCC_WARN_UNDECLARED_SELECTOR = YES;
				GCC_WARN_UNINITIALIZED_AUTOS = YES_AGGRESSIVE;
				GCC_WARN_UNUSED_FUNCTION = YES;
				GCC_WARN_UNUSED_VARIABLE = YES;
				IPHONEOS_DEPLOYMENT_TARGET = 8.2;
				MTL_ENABLE_DEBUG_INFO = YES;
				ONLY_ACTIVE_ARCH = YES;
				SDKROOT = iphoneos;
			};
			name = Debug;
		};
		737C7F2F1ADC58560059048E /* Release */ = {
			isa = XCBuildConfiguration;
			buildSettings = {
				ALWAYS_SEARCH_USER_PATHS = NO;
				CLANG_CXX_LANGUAGE_STANDARD = "gnu++0x";
				CLANG_CXX_LIBRARY = "libc++";
				CLANG_ENABLE_MODULES = YES;
				CLANG_ENABLE_OBJC_ARC = YES;
				CLANG_WARN_BOOL_CONVERSION = YES;
				CLANG_WARN_CONSTANT_CONVERSION = YES;
				CLANG_WARN_DIRECT_OBJC_ISA_USAGE = YES_ERROR;
				CLANG_WARN_EMPTY_BODY = YES;
				CLANG_WARN_ENUM_CONVERSION = YES;
				CLANG_WARN_INT_CONVERSION = YES;
				CLANG_WARN_OBJC_ROOT_CLASS = YES_ERROR;
				CLANG_WARN_UNREACHABLE_CODE = YES;
				CLANG_WARN__DUPLICATE_METHOD_MATCH = YES;
				"CODE_SIGN_IDENTITY[sdk=iphoneos*]" = "iPhone Developer";
				COPY_PHASE_STRIP = NO;
				ENABLE_NS_ASSERTIONS = NO;
				ENABLE_STRICT_OBJC_MSGSEND = YES;
				GCC_C_LANGUAGE_STANDARD = gnu99;
				GCC_WARN_64_TO_32_BIT_CONVERSION = YES;
				GCC_WARN_ABOUT_RETURN_TYPE = YES_ERROR;
				GCC_WARN_UNDECLARED_SELECTOR = YES;
				GCC_WARN_UNINITIALIZED_AUTOS = YES_AGGRESSIVE;
				GCC_WARN_UNUSED_FUNCTION = YES;
				GCC_WARN_UNUSED_VARIABLE = YES;
				IPHONEOS_DEPLOYMENT_TARGET = 8.2;
				MTL_ENABLE_DEBUG_INFO = NO;
				SDKROOT = iphoneos;
				VALIDATE_PRODUCT = YES;
			};
			name = Release;
		};
		737C7F311ADC58560059048E /* Debug */ = {
			isa = XCBuildConfiguration;
			buildSettings = {
				ASSETCATALOG_COMPILER_APPICON_NAME = AppIcon;
				CODE_SIGN_IDENTITY = "iPhone Developer";
				HEADER_SEARCH_PATHS = (
					"$(inherited)",
					/Applications/Xcode.app/Contents/Developer/Toolchains/XcodeDefault.xctoolchain/usr/include,
					"$(SRCROOT)/jsoncpp/include",
				);
				INFOPLIST_FILE = magpocket/Info.plist;
				IPHONEOS_DEPLOYMENT_TARGET = 6.0;
				LD_RUNPATH_SEARCH_PATHS = "$(inherited) @executable_path/Frameworks";
				PRODUCT_NAME = "$(TARGET_NAME)";
			};
			name = Debug;
		};
		737C7F321ADC58560059048E /* Release */ = {
			isa = XCBuildConfiguration;
			buildSettings = {
				ASSETCATALOG_COMPILER_APPICON_NAME = AppIcon;
				CODE_SIGN_IDENTITY = "iPhone Developer";
				HEADER_SEARCH_PATHS = (
					"$(inherited)",
					/Applications/Xcode.app/Contents/Developer/Toolchains/XcodeDefault.xctoolchain/usr/include,
					"$(SRCROOT)/jsoncpp/include",
				);
				INFOPLIST_FILE = magpocket/Info.plist;
				IPHONEOS_DEPLOYMENT_TARGET = 6.0;
				LD_RUNPATH_SEARCH_PATHS = "$(inherited) @executable_path/Frameworks";
				PRODUCT_NAME = "$(TARGET_NAME)";
			};
			name = Release;
		};
		737C7F341ADC58560059048E /* Debug */ = {
			isa = XCBuildConfiguration;
			buildSettings = {
				BUNDLE_LOADER = "$(TEST_HOST)";
				FRAMEWORK_SEARCH_PATHS = (
					"$(SDKROOT)/Developer/Library/Frameworks",
					"$(inherited)",
				);
				GCC_PREPROCESSOR_DEFINITIONS = (
					"DEBUG=1",
					"$(inherited)",
				);
				INFOPLIST_FILE = magpocketTests/Info.plist;
				LD_RUNPATH_SEARCH_PATHS = "$(inherited) @executable_path/Frameworks @loader_path/Frameworks";
				PRODUCT_NAME = "$(TARGET_NAME)";
				TEST_HOST = "$(BUILT_PRODUCTS_DIR)/magpocket.app/magpocket";
			};
			name = Debug;
		};
		737C7F351ADC58560059048E /* Release */ = {
			isa = XCBuildConfiguration;
			buildSettings = {
				BUNDLE_LOADER = "$(TEST_HOST)";
				FRAMEWORK_SEARCH_PATHS = (
					"$(SDKROOT)/Developer/Library/Frameworks",
					"$(inherited)",
				);
				INFOPLIST_FILE = magpocketTests/Info.plist;
				LD_RUNPATH_SEARCH_PATHS = "$(inherited) @executable_path/Frameworks @loader_path/Frameworks";
				PRODUCT_NAME = "$(TARGET_NAME)";
				TEST_HOST = "$(BUILT_PRODUCTS_DIR)/magpocket.app/magpocket";
			};
			name = Release;
		};
/* End XCBuildConfiguration section */

/* Begin XCConfigurationList section */
		737C7F081ADC58550059048E /* Build configuration list for PBXProject "magpocket" */ = {
			isa = XCConfigurationList;
			buildConfigurations = (
				737C7F2E1ADC58560059048E /* Debug */,
				737C7F2F1ADC58560059048E /* Release */,
			);
			defaultConfigurationIsVisible = 0;
			defaultConfigurationName = Release;
		};
		737C7F301ADC58560059048E /* Build configuration list for PBXNativeTarget "magpocket" */ = {
			isa = XCConfigurationList;
			buildConfigurations = (
				737C7F311ADC58560059048E /* Debug */,
				737C7F321ADC58560059048E /* Release */,
			);
			defaultConfigurationIsVisible = 0;
			defaultConfigurationName = Release;
		};
		737C7F331ADC58560059048E /* Build configuration list for PBXNativeTarget "magpocketTests" */ = {
			isa = XCConfigurationList;
			buildConfigurations = (
				737C7F341ADC58560059048E /* Debug */,
				737C7F351ADC58560059048E /* Release */,
			);
			defaultConfigurationIsVisible = 0;
			defaultConfigurationName = Release;
		};
/* End XCConfigurationList section */
	};
	rootObject = 737C7F051ADC58550059048E /* Project object */;
}
